
Microsoft Visual Studio Solution File, Format Version 12.00
# Visual Studio Version 17
VisualStudioVersion = 17.5.33627.172
MinimumVisualStudioVersion = 10.0.40219.1
Project("{FAE04EC0-301F-11D3-BF4B-00C04F79EFBC}") = "ExamTP", "ExamTP.csproj", "{7D33CB79-DBFA-4F3A-8409-3E2DD18A7477}"
EndProject
Project("{2150E333-8FDC-42A3-9474-1A3956D46DE8}") = "Solution Items", "Solution Items", "{38B2CF6D-42FA-42DC-810D-4D7AD405A0C6}"
	ProjectSection(SolutionItems) = preProject
		.editorconfig = .editorconfig
	EndProjectSection
EndProject
Global
	GlobalSection(SolutionConfigurationPlatforms) = preSolution
		Debug|Any CPU = Debug|Any CPU
		Release|Any CPU = Release|Any CPU
	EndGlobalSection
	GlobalSection(ProjectConfigurationPlatforms) = postSolution
		{7D33CB79-DBFA-4F3A-8409-3E2DD18A7477}.Debug|Any CPU.ActiveCfg = Debug|Any CPU
		{7D33CB79-DBFA-4F3A-8409-3E2DD18A7477}.Debug|Any CPU.Build.0 = Debug|Any CPU
		{7D33CB79-DBFA-4F3A-8409-3E2DD18A7477}.Release|Any CPU.ActiveCfg = Release|Any CPU
		{7D33CB79-DBFA-4F3A-8409-3E2DD18A7477}.Release|Any CPU.Build.0 = Release|Any CPU
	EndGlobalSection
	GlobalSection(SolutionProperties) = preSolution
		HideSolutionNode = FALSE
	EndGlobalSection
	GlobalSection(ExtensibilityGlobals) = postSolution
		SolutionGuid = {21344536-CACE-4F48-A70F-45F7F207BF8C}
	EndGlobalSection
EndGlobal
